<?xml version="1.0" encoding="utf-8"?>
<Project ToolsVersion="4.0" xmlns="http://schemas.microsoft.com/developer/msbuild/2003">
  <ItemGroup>
    <Filter Include="Contents">
      <UniqueIdentifier>{d98e4188-ad78-4002-8ca5-879514decb72}</UniqueIdentifier>
    </Filter>
  </ItemGroup>
  <ItemGroup>
    <ClCompile Include="jmCutScene.cpp">
      <Filter>Contents</Filter>
    </ClCompile>
    <ClCompile Include="jmMenuScene.cpp">
      <Filter>Contents</Filter>
    </ClCompile>
    <ClCompile Include="jmPlayer.cpp">
      <Filter>Contents</Filter>
    </ClCompile>
    <ClCompile Include="jmStageOne.cpp">
      <Filter>Contents</Filter>
    </ClCompile>
    <ClCompile Include="jmMonster.cpp">
      <Filter>Contents</Filter>
    </ClCompile>
    <ClCompile Include="jmBadendScene.cpp">
      <Filter>Contents</Filter>
    </ClCompile>
    <ClCompile Include="jmPlayerScript.cpp">
      <Filter>Contents</Filter>
    </ClCompile>
    <ClCompile Include="jmBackGround.cpp">
      <Filter>Contents</Filter>
    </ClCompile>
    <ClCompile Include="jmNPC.cpp">
      <Filter>Contents</Filter>
    </ClCompile>
    <ClCompile Include="jmMonsterScript.cpp">
      <Filter>Contents</Filter>
    </ClCompile>
    <ClCompile Include="jmDeadScene.cpp">
      <Filter>Contents</Filter>
    </ClCompile>
    <ClCompile Include="jmKey.cpp">
      <Filter>Contents</Filter>
    </ClCompile>
    <ClCompile Include="jmTestScene.cpp">
      <Filter>Contents</Filter>
    </ClCompile>
    <ClCompile Include="jmStageTwo.cpp">
      <Filter>Contents</Filter>
    </ClCompile>
    <ClCompile Include="jmStageThree.cpp">
      <Filter>Contents</Filter>
    </ClCompile>
    <ClCompile Include="jmStageSix.cpp">
      <Filter>Contents</Filter>
    </ClCompile>
    <ClCompile Include="jmStageSeven.cpp">
      <Filter>Contents</Filter>
    </ClCompile>
    <ClCompile Include="jmStageNine.cpp">
      <Filter>Contents</Filter>
    </ClCompile>
    <ClCompile Include="jmStageFour.cpp">
      <Filter>Contents</Filter>
    </ClCompile>
    <ClCompile Include="jmStageFive.cpp">
      <Filter>Contents</Filter>
    </ClCompile>
    <ClCompile Include="jmStageEight.cpp">
      <Filter>Contents</Filter>
    </ClCompile>
    <ClCompile Include="jmCharacter.cpp">
      <Filter>Contents</Filter>
    </ClCompile>
    <ClCompile Include="jmChapterOne.cpp">
      <Filter>Contents</Filter>
    </ClCompile>
    <ClCompile Include="jmChapterTwo.cpp">
      <Filter>Contents</Filter>
    </ClCompile>
    <ClCompile Include="jmChapterThree.cpp">
      <Filter>Contents</Filter>
    </ClCompile>
    <ClCompile Include="jmChapterFour.cpp">
      <Filter>Contents</Filter>
    </ClCompile>
    <ClCompile Include="jmChapterFive.cpp">
      <Filter>Contents</Filter>
    </ClCompile>
    <ClCompile Include="jmChapterSix.cpp">
      <Filter>Contents</Filter>
    </ClCompile>
    <ClCompile Include="jmChapterSeven.cpp">
      <Filter>Contents</Filter>
    </ClCompile>
    <ClCompile Include="jmChapterEight.cpp">
      <Filter>Contents</Filter>
    </ClCompile>
    <ClCompile Include="jmChapterNine.cpp">
      <Filter>Contents</Filter>
    </ClCompile>
    <ClCompile Include="jmTrap.cpp">
      <Filter>Contents</Filter>
    </ClCompile>
    <ClCompile Include="jmKeyBox.cpp">
      <Filter>Contents</Filter>
    </ClCompile>
    <ClCompile Include="jmFire.cpp">
      <Filter>Contents</Filter>
    </ClCompile>
    <ClCompile Include="jmWall.cpp">
      <Filter>Contents</Filter>
    </ClCompile>
    <ClCompile Include="jmClearWall.cpp">
      <Filter>Contents</Filter>
    </ClCompile>
  </ItemGroup>
  <ItemGroup>
    <ClInclude Include="jmCutScene.h">
      <Filter>Contents</Filter>
    </ClInclude>
    <ClInclude Include="jmLoadScenes.h">
      <Filter>Contents</Filter>
    </ClInclude>
    <ClInclude Include="jmMenuScene.h">
      <Filter>Contents</Filter>
    </ClInclude>
    <ClInclude Include="jmPlayer.h">
      <Filter>Contents</Filter>
    </ClInclude>
    <ClInclude Include="jmStageOne.h">
      <Filter>Contents</Filter>
    </ClInclude>
    <ClInclude Include="jmLoadResources.h">
      <Filter>Contents</Filter>
    </ClInclude>
    <ClInclude Include="jmMonster.h">
      <Filter>Contents</Filter>
    </ClInclude>
    <ClInclude Include="jmBadendScene.h">
      <Filter>Contents</Filter>
    </ClInclude>
    <ClInclude Include="jmPlayerScript.h">
      <Filter>Contents</Filter>
    </ClInclude>
    <ClInclude Include="jmBackGround.h">
      <Filter>Contents</Filter>
    </ClInclude>
    <ClInclude Include="jmNPC.h">
      <Filter>Contents</Filter>
    </ClInclude>
    <ClInclude Include="jmMonsterScript.h">
      <Filter>Contents</Filter>
    </ClInclude>
    <ClInclude Include="jmDeadScene.h">
      <Filter>Contents</Filter>
    </ClInclude>
    <ClInclude Include="jmKey.h">
      <Filter>Contents</Filter>
    </ClInclude>
    <ClInclude Include="jmTestScene.h">
      <Filter>Contents</Filter>
    </ClInclude>
    <ClInclude Include="jmStageTwo.h">
      <Filter>Contents</Filter>
    </ClInclude>
    <ClInclude Include="jmStageThree.h">
      <Filter>Contents</Filter>
    </ClInclude>
    <ClInclude Include="jmStageSix.h">
      <Filter>Contents</Filter>
    </ClInclude>
    <ClInclude Include="jmStageSeven.h">
      <Filter>Contents</Filter>
    </ClInclude>
    <ClInclude Include="jmStageNine.h">
      <Filter>Contents</Filter>
    </ClInclude>
    <ClInclude Include="jmStageFour.h">
      <Filter>Contents</Filter>
    </ClInclude>
    <ClInclude Include="jmStageFive.h">
      <Filter>Contents</Filter>
    </ClInclude>
    <ClInclude Include="jmStageEight.h">
      <Filter>Contents</Filter>
    </ClInclude>
    <ClInclude Include="jmCharacter.h">
      <Filter>Contents</Filter>
    </ClInclude>
    <ClInclude Include="jmChapterOne.h">
      <Filter>Contents</Filter>
    </ClInclude>
    <ClInclude Include="jmChapterTwo.h">
      <Filter>Contents</Filter>
    </ClInclude>
    <ClInclude Include="jmChapterThree.h">
      <Filter>Contents</Filter>
    </ClInclude>
    <ClInclude Include="jmChapterFour.h">
      <Filter>Contents</Filter>
    </ClInclude>
    <ClInclude Include="jmChapterFive.h">
      <Filter>Contents</Filter>
    </ClInclude>
    <ClInclude Include="jmChapterSix.h">
      <Filter>Contents</Filter>
    </ClInclude>
    <ClInclude Include="jmChapterSeven.h">
      <Filter>Contents</Filter>
    </ClInclude>
    <ClInclude Include="jmChapterEight.h">
      <Filter>Contents</Filter>
    </ClInclude>
    <ClInclude Include="jmChapterNine.h">
      <Filter>Contents</Filter>
    </ClInclude>
    <ClInclude Include="jmTrap.h">
      <Filter>Contents</Filter>
    </ClInclude>
    <ClInclude Include="jmKeyBox.h">
      <Filter>Contents</Filter>
    </ClInclude>
    <ClInclude Include="jmFire.h">
      <Filter>Contents</Filter>
    </ClInclude>
    <ClInclude Include="jmWall.h">
      <Filter>Contents</Filter>
    </ClInclude>
    <ClInclude Include="jmClearWall.h">
      <Filter>Contents</Filter>
    </ClInclude>
  </ItemGroup>
</Project>