<?xml version="1.0" encoding="utf-8"?>
<Project ToolsVersion="4.0" xmlns="http://schemas.microsoft.com/developer/msbuild/2003">
  <ItemGroup>
    <Filter Include="Contents">
      <UniqueIdentifier>{d98e4188-ad78-4002-8ca5-879514decb72}</UniqueIdentifier>
    </Filter>
  </ItemGroup>
  <ItemGroup>
    <ClCompile Include="jmCutScene.cpp">
      <Filter>Contents</Filter>
    </ClCompile>
    <ClCompile Include="jmMenuScene.cpp">
      <Filter>Contents</Filter>
    </ClCompile>
    <ClCompile Include="jmPlayer.cpp">
      <Filter>Contents</Filter>
    </ClCompile>
    <ClCompile Include="jmPlayScene.cpp">
      <Filter>Contents</Filter>
    </ClCompile>
    <ClCompile Include="jmMonster.cpp">
      <Filter>Contents</Filter>
    </ClCompile>
    <ClCompile Include="jmBadendScene.cpp">
      <Filter>Contents</Filter>
    </ClCompile>
    <ClCompile Include="jmPlayerScript.cpp">
      <Filter>Contents</Filter>
    </ClCompile>
    <ClCompile Include="jmBackGround.cpp">
      <Filter>Contents</Filter>
    </ClCompile>
    <ClCompile Include="jmNPC.cpp">
      <Filter>Contents</Filter>
    </ClCompile>
    <ClCompile Include="jmMonsterScript.cpp">
      <Filter>Contents</Filter>
    </ClCompile>
    <ClCompile Include="jmDeadScene.cpp">
      <Filter>Contents</Filter>
    </ClCompile>
  </ItemGroup>
  <ItemGroup>
    <ClInclude Include="jmCutScene.h">
      <Filter>Contents</Filter>
    </ClInclude>
    <ClInclude Include="jmLoadScenes.h">
      <Filter>Contents</Filter>
    </ClInclude>
    <ClInclude Include="jmMenuScene.h">
      <Filter>Contents</Filter>
    </ClInclude>
    <ClInclude Include="jmPlayer.h">
      <Filter>Contents</Filter>
    </ClInclude>
    <ClInclude Include="jmPlayScene.h">
      <Filter>Contents</Filter>
    </ClInclude>
    <ClInclude Include="jmLoadResources.h">
      <Filter>Contents</Filter>
    </ClInclude>
    <ClInclude Include="jmMonster.h">
      <Filter>Contents</Filter>
    </ClInclude>
    <ClInclude Include="jmBadendScene.h">
      <Filter>Contents</Filter>
    </ClInclude>
    <ClInclude Include="jmPlayerScript.h">
      <Filter>Contents</Filter>
    </ClInclude>
    <ClInclude Include="jmBackGround.h">
      <Filter>Contents</Filter>
    </ClInclude>
    <ClInclude Include="jmNPC.h">
      <Filter>Contents</Filter>
    </ClInclude>
    <ClInclude Include="jmMonsterScript.h">
      <Filter>Contents</Filter>
    </ClInclude>
    <ClInclude Include="jmDeadScene.h">
      <Filter>Contents</Filter>
    </ClInclude>
  </ItemGroup>
</Project>