<?xml version="1.0" encoding="utf-8"?>
<Project ToolsVersion="4.0" xmlns="http://schemas.microsoft.com/developer/msbuild/2003">
  <ItemGroup>
    <Filter Include="리소스 파일">
      <UniqueIdentifier>{67DA6AB6-F800-4c08-8B7A-83BB121AAD01}</UniqueIdentifier>
      <Extensions>rc;ico;cur;bmp;dlg;rc2;rct;bin;rgs;gif;jpg;jpeg;jpe;resx;tiff;tif;png;wav;mfcribbon-ms</Extensions>
    </Filter>
    <Filter Include="Contents">
      <UniqueIdentifier>{d98e4188-ad78-4002-8ca5-879514decb72}</UniqueIdentifier>
    </Filter>
  </ItemGroup>
  <ItemGroup>
    <ClCompile Include="jmCutScene.cpp">
      <Filter>Contents</Filter>
    </ClCompile>
    <ClCompile Include="jmMenuScene.cpp">
      <Filter>Contents</Filter>
    </ClCompile>
    <ClCompile Include="jmPlayer.cpp">
      <Filter>Contents</Filter>
    </ClCompile>
    <ClCompile Include="jmPlayScene.cpp">
      <Filter>Contents</Filter>
    </ClCompile>
  </ItemGroup>
  <ItemGroup>
    <ClInclude Include="jmCutScene.h">
      <Filter>Contents</Filter>
    </ClInclude>
    <ClInclude Include="jmLoadScenes.h">
      <Filter>Contents</Filter>
    </ClInclude>
    <ClInclude Include="jmMenuScene.h">
      <Filter>Contents</Filter>
    </ClInclude>
    <ClInclude Include="jmPlayer.h">
      <Filter>Contents</Filter>
    </ClInclude>
    <ClInclude Include="jmPlayScene.h">
      <Filter>Contents</Filter>
    </ClInclude>
  </ItemGroup>
</Project>